
Microsoft Visual Studio Solution File, Format Version 12.00
# Visual Studio Version 16
VisualStudioVersion = 16.0.29728.190
MinimumVisualStudioVersion = 10.0.40219.1
Project("{9A19103F-16F7-4668-BE54-9A1E7A4F7556}") = "RageCore", "RageCore\RageCore.csproj", "{1A5B8A23-7789-48DE-8299-01E59C1C5590}"
EndProject
Project("{FAE04EC0-301F-11D3-BF4B-00C04F79EFBC}") = "GTA3TOOLS", "GTA3TOOLS\GTA3TOOLS.csproj", "{FCD64FD1-DE46-4C45-A1D6-9E899F5350FF}"
EndProject
Global
	GlobalSection(SolutionConfigurationPlatforms) = preSolution
		Debug|Any CPU = Debug|Any CPU
		Release|Any CPU = Release|Any CPU
	EndGlobalSection
	GlobalSection(ProjectConfigurationPlatforms) = postSolution
		{1A5B8A23-7789-48DE-8299-01E59C1C5590}.Debug|Any CPU.ActiveCfg = Debug|Any CPU
		{1A5B8A23-7789-48DE-8299-01E59C1C5590}.Debug|Any CPU.Build.0 = Debug|Any CPU
		{1A5B8A23-7789-48DE-8299-01E59C1C5590}.Release|Any CPU.ActiveCfg = Release|Any CPU
		{1A5B8A23-7789-48DE-8299-01E59C1C5590}.Release|Any CPU.Build.0 = Release|Any CPU
		{FCD64FD1-DE46-4C45-A1D6-9E899F5350FF}.Debug|Any CPU.ActiveCfg = Debug|Any CPU
		{FCD64FD1-DE46-4C45-A1D6-9E899F5350FF}.Debug|Any CPU.Build.0 = Debug|Any CPU
		{FCD64FD1-DE46-4C45-A1D6-9E899F5350FF}.Release|Any CPU.ActiveCfg = Release|Any CPU
		{FCD64FD1-DE46-4C45-A1D6-9E899F5350FF}.Release|Any CPU.Build.0 = Release|Any CPU
	EndGlobalSection
	GlobalSection(SolutionProperties) = preSolution
		HideSolutionNode = FALSE
	EndGlobalSection
	GlobalSection(ExtensibilityGlobals) = postSolution
		SolutionGuid = {8CCA6A47-8960-4BFB-B04B-DFFB7ABD38BE}
	EndGlobalSection
EndGlobal
